// !$*UTF8*$!
{
	archiveVersion = 1;
	classes = {
	};
	objectVersion = 46;
	objects = {

/* Begin PBXBuildFile section */
		963164BB1C32E1BE00C8BD1D /* AppDelegate.swift in Sources */ = {isa = PBXBuildFile; fileRef = 963164BA1C32E1BE00C8BD1D /* AppDelegate.swift */; };
		963164BD1C32E1BE00C8BD1D /* ViewController.swift in Sources */ = {isa = PBXBuildFile; fileRef = 963164BC1C32E1BE00C8BD1D /* ViewController.swift */; };
		963164C01C32E1BE00C8BD1D /* Main.storyboard in Resources */ = {isa = PBXBuildFile; fileRef = 963164BE1C32E1BE00C8BD1D /* Main.storyboard */; };
		963164C21C32E1BE00C8BD1D /* Assets.xcassets in Resources */ = {isa = PBXBuildFile; fileRef = 963164C11C32E1BE00C8BD1D /* Assets.xcassets */; };
		963164C51C32E1BE00C8BD1D /* LaunchScreen.storyboard in Resources */ = {isa = PBXBuildFile; fileRef = 963164C31C32E1BE00C8BD1D /* LaunchScreen.storyboard */; };
/* End PBXBuildFile section */

/* Begin PBXFileReference section */
		963164B71C32E1BE00C8BD1D /* my-favourite-place.app */ = {isa = PBXFileReference; explicitFileType = wrapper.application; includeInIndex = 0; path = "my-favourite-place.app"; sourceTree = BUILT_PRODUCTS_DIR; };
		963164BA1C32E1BE00C8BD1D /* AppDelegate.swift */ = {isa = PBXFileReference; lastKnownFileType = sourcecode.swift; path = AppDelegate.swift; sourceTree = "<group>"; };
		963164BC1C32E1BE00C8BD1D /* ViewController.swift */ = {isa = PBXFileReference; lastKnownFileType = sourcecode.swift; path = ViewController.swift; sourceTree = "<group>"; };
		963164BF1C32E1BE00C8BD1D /* Base */ = {isa = PBXFileReference; lastKnownFileType = file.storyboard; name = Base; path = Base.lproj/Main.storyboard; sourceTree = "<group>"; };
		963164C11C32E1BE00C8BD1D /* Assets.xcassets */ = {isa = PBXFileReference; lastKnownFileType = folder.assetcatalog; path = Assets.xcassets; sourceTree = "<group>"; };
		963164C41C32E1BE00C8BD1D /* Base */ = {isa = PBXFileReference; lastKnownFileType = file.storyboard; name = Base; path = Base.lproj/LaunchScreen.storyboard; sourceTree = "<group>"; };
		963164C61C32E1BE00C8BD1D /* Info.plist */ = {isa = PBXFileReference; lastKnownFileType = text.plist.xml; path = Info.plist; sourceTree = "<group>"; };
/* End PBXFileReference section */

/* Begin PBXFrameworksBuildPhase section */
		963164B41C32E1BE00C8BD1D /* Frameworks */ = {
			isa = PBXFrameworksBuildPhase;
			buildActionMask = 2147483647;
			files = (
			);
			runOnlyForDeploymentPostprocessing = 0;
		};
/* End PBXFrameworksBuildPhase section */

/* Begin PBXGroup section */
		963164AE1C32E1BE00C8BD1D = {
			isa = PBXGroup;
			children = (
				963164B91C32E1BE00C8BD1D /* my-favourite-place */,
				963164B81C32E1BE00C8BD1D /* Products */,
			);
			sourceTree = "<group>";
		};
		963164B81C32E1BE00C8BD1D /* Products */ = {
			isa = PBXGroup;
			children = (
				963164B71C32E1BE00C8BD1D /* my-favourite-place.app */,
			);
			name = Products;
			sourceTree = "<group>";
		};
		963164B91C32E1BE00C8BD1D /* my-favourite-place */ = {
			isa = PBXGroup;
			children = (
				963164BA1C32E1BE00C8BD1D /* AppDelegate.swift */,
				963164BC1C32E1BE00C8BD1D /* ViewController.swift */,
				963164BE1C32E1BE00C8BD1D /* Main.storyboard */,
				963164C11C32E1BE00C8BD1D /* Assets.xcassets */,
				963164C31C32E1BE00C8BD1D /* LaunchScreen.storyboard */,
				963164C61C32E1BE00C8BD1D /* Info.plist */,
			);
			path = "my-favourite-place";
			sourceTree = "<group>";
		};
/* End PBXGroup section */

/* Begin PBXNativeTarget section */
		963164B61C32E1BE00C8BD1D /* my-favourite-place */ = {
			isa = PBXNativeTarget;
			buildConfigurationList = 963164C91C32E1BE00C8BD1D /* Build configuration list for PBXNativeTarget "my-favourite-place" */;
			buildPhases = (
				963164B31C32E1BE00C8BD1D /* Sources */,
				963164B41C32E1BE00C8BD1D /* Frameworks */,
				963164B51C32E1BE00C8BD1D /* Resources */,
			);
			buildRules = (
			);
			dependencies = (
			);
			name = "my-favourite-place";
			productName = "my-favourite-place";
			productReference = 963164B71C32E1BE00C8BD1D /* my-favourite-place.app */;
			productType = "com.apple.product-type.application";
		};
/* End PBXNativeTarget section */

/* Begin PBXProject section */
		963164AF1C32E1BE00C8BD1D /* Project object */ = {
			isa = PBXProject;
			attributes = {
				LastSwiftUpdateCheck = 0720;
				LastUpgradeCheck = 0720;
				ORGANIZATIONNAME = JasonPlumb;
				TargetAttributes = {
					963164B61C32E1BE00C8BD1D = {
						CreatedOnToolsVersion = 7.2;
					};
				};
			};
			buildConfigurationList = 963164B21C32E1BE00C8BD1D /* Build configuration list for PBXProject "my-favourite-place" */;
			compatibilityVersion = "Xcode 3.2";
			developmentRegion = English;
			hasScannedForEncodings = 0;
			knownRegions = (
				en,
				Base,
			);
			mainGroup = 963164AE1C32E1BE00C8BD1D;
			productRefGroup = 963164B81C32E1BE00C8BD1D /* Products */;
			projectDirPath = "";
			projectRoot = "";
			targets = (
				963164B61C32E1BE00C8BD1D /* my-favourite-place */,
			);
		};
/* End PBXProject section */

/* Begin PBXResourcesBuildPhase section */
		963164B51C32E1BE00C8BD1D /* Resources */ = {
			isa = PBXResourcesBuildPhase;
			buildActionMask = 2147483647;
			files = (
				963164C51C32E1BE00C8BD1D /* LaunchScreen.storyboard in Resources */,
				963164C21C32E1BE00C8BD1D /* Assets.xcassets in Resources */,
				963164C01C32E1BE00C8BD1D /* Main.storyboard in Resources */,
			);
			runOnlyForDeploymentPostprocessing = 0;
		};
/* End PBXResourcesBuildPhase section */

/* Begin PBXSourcesBuildPhase section */
		963164B31C32E1BE00C8BD1D /* Sources */ = {
			isa = PBXSourcesBuildPhase;
			buildActionMask = 2147483647;
			files = (
				963164BD1C32E1BE00C8BD1D /* ViewController.swift in Sources */,
				963164BB1C32E1BE00C8BD1D /* AppDelegate.swift in Sources */,
			);
			runOnlyForDeploymentPostprocessing = 0;
		};
/* End PBXSourcesBuildPhase section */

/* Begin PBXVariantGroup section */
		963164BE1C32E1BE00C8BD1D /* Main.storyboard */ = {
			isa = PBXVariantGroup;
			children = (
				963164BF1C32E1BE00C8BD1D /* Base */,
			);
			name = Main.storyboard;
			sourceTree = "<group>";
		};
		963164C31C32E1BE00C8BD1D /* LaunchScreen.storyboard */ = {
			isa = PBXVariantGroup;
			children = (
				963164C41C32E1BE00C8BD1D /* Base */,
			);
			name = LaunchScreen.storyboard;
			sourceTree = "<group>";
		};
/* End PBXVariantGroup section */

/* Begin XCBuildConfiguration section */
		963164C71C32E1BE00C8BD1D /* Debug */ = {
			isa = XCBuildConfiguration;
			buildSettings = {
				ALWAYS_SEARCH_USER_PATHS = NO;
				CLANG_CXX_LANGUAGE_STANDARD = "gnu++0x";
				CLANG_CXX_LIBRARY = "libc++";
				CLANG_ENABLE_MODULES = YES;
				CLANG_ENABLE_OBJC_ARC = YES;
				CLANG_WARN_BOOL_CONVERSION = YES;
				CLANG_WARN_CONSTANT_CONVERSION = YES;
				CLANG_WARN_DIRECT_OBJC_ISA_USAGE = YES_ERROR;
				CLANG_WARN_EMPTY_BODY = YES;
				CLANG_WARN_ENUM_CONVERSION = YES;
				CLANG_WARN_INT_CONVERSION = YES;
				CLANG_WARN_OBJC_ROOT_CLASS = YES_ERROR;
				CLANG_WARN_UNREACHABLE_CODE = YES;
				CLANG_WARN__DUPLICATE_METHOD_MATCH = YES;
				"CODE_SIGN_IDENTITY[sdk=iphoneos*]" = "iPhone Developer";
				COPY_PHASE_STRIP = NO;
				DEBUG_INFORMATION_FORMAT = dwarf;
				ENABLE_STRICT_OBJC_MSGSEND = YES;
				ENABLE_TESTABILITY = YES;
				GCC_C_LANGUAGE_STANDARD = gnu99;
				GCC_DYNAMIC_NO_PIC = NO;
				GCC_NO_COMMON_BLOCKS = YES;
				GCC_OPTIMIZATION_LEVEL = 0;
				GCC_PREPROCESSOR_DEFINITIONS = (
					"DEBUG=1",
					"$(inherited)",
				);
				GCC_WARN_64_TO_32_BIT_CONVERSION = YES;
				GCC_WARN_ABOUT_RETURN_TYPE = YES_ERROR;
				GCC_WARN_UNDECLARED_SELECTOR = YES;
				GCC_WARN_UNINITIALIZED_AUTOS = YES_AGGRESSIVE;
				GCC_WARN_UNUSED_FUNCTION = YES;
				GCC_WARN_UNUSED_VARIABLE = YES;
				IPHONEOS_DEPLOYMENT_TARGET = 9.2;
				MTL_ENABLE_DEBUG_INFO = YES;
				ONLY_ACTIVE_ARCH = YES;
				SDKROOT = iphoneos;
				SWIFT_OPTIMIZATION_LEVEL = "-Onone";
				TARGETED_DEVICE_FAMILY = "1,2";
			};
			name = Debug;
		};
		963164C81C32E1BE00C8BD1D /* Release */ = {
			isa = XCBuildConfiguration;
			buildSettings = {
				ALWAYS_SEARCH_USER_PATHS = NO;
				CLANG_CXX_LANGUAGE_STANDARD = "gnu++0x";
				CLANG_CXX_LIBRARY = "libc++";
				CLANG_ENABLE_MODULES = YES;
				CLANG_ENABLE_OBJC_ARC = YES;
				CLANG_WARN_BOOL_CONVERSION = YES;
				CLANG_WARN_CONSTANT_CONVERSION = YES;
				CLANG_WARN_DIRECT_OBJC_ISA_USAGE = YES_ERROR;
				CLANG_WARN_EMPTY_BODY = YES;
				CLANG_WARN_ENUM_CONVERSION = YES;
				CLANG_WARN_INT_CONVERSION = YES;
				CLANG_WARN_OBJC_ROOT_CLASS = YES_ERROR;
				CLANG_WARN_UNREACHABLE_CODE = YES;
				CLANG_WARN__DUPLICATE_METHOD_MATCH = YES;
				"CODE_SIGN_IDENTITY[sdk=iphoneos*]" = "iPhone Developer";
				COPY_PHASE_STRIP = NO;
				DEBUG_INFORMATION_FORMAT = "dwarf-with-dsym";
				ENABLE_NS_ASSERTIONS = NO;
				ENABLE_STRICT_OBJC_MSGSEND = YES;
				GCC_C_LANGUAGE_STANDARD = gnu99;
				GCC_NO_COMMON_BLOCKS = YES;
				GCC_WARN_64_TO_32_BIT_CONVERSION = YES;
				GCC_WARN_ABOUT_RETURN_TYPE = YES_ERROR;
				GCC_WARN_UNDECLARED_SELECTOR = YES;
				GCC_WARN_UNINITIALIZED_AUTOS = YES_AGGRESSIVE;
				GCC_WARN_UNUSED_FUNCTION = YES;
				GCC_WARN_UNUSED_VARIABLE = YES;
				IPHONEOS_DEPLOYMENT_TARGET = 9.2;
				MTL_ENABLE_DEBUG_INFO = NO;
				SDKROOT = iphoneos;
				TARGETED_DEVICE_FAMILY = "1,2";
				VALIDATE_PRODUCT = YES;
			};
			name = Release;
		};
		963164CA1C32E1BE00C8BD1D /* Debug */ = {
			isa = XCBuildConfiguration;
			buildSettings = {
				ASSETCATALOG_COMPILER_APPICON_NAME = AppIcon;
				INFOPLIST_FILE = "my-favourite-place/Info.plist";
				LD_RUNPATH_SEARCH_PATHS = "$(inherited) @executable_path/Frameworks";
				PRODUCT_BUNDLE_IDENTIFIER = "self.edu.jasonplumb.my-favourite-place";
				PRODUCT_NAME = "$(TARGET_NAME)";
			};
			name = Debug;
		};
		963164CB1C32E1BE00C8BD1D /* Release */ = {
			isa = XCBuildConfiguration;
			buildSettings = {
				ASSETCATALOG_COMPILER_APPICON_NAME = AppIcon;
				INFOPLIST_FILE = "my-favourite-place/Info.plist";
				LD_RUNPATH_SEARCH_PATHS = "$(inherited) @executable_path/Frameworks";
				PRODUCT_BUNDLE_IDENTIFIER = "self.edu.jasonplumb.my-favourite-place";
				PRODUCT_NAME = "$(TARGET_NAME)";
			};
			name = Release;
		};
/* End XCBuildConfiguration section */

/* Begin XCConfigurationList section */
		963164B21C32E1BE00C8BD1D /* Build configuration list for PBXProject "my-favourite-place" */ = {
			isa = XCConfigurationList;
			buildConfigurations = (
				963164C71C32E1BE00C8BD1D /* Debug */,
				963164C81C32E1BE00C8BD1D /* Release */,
			);
			defaultConfigurationIsVisible = 0;
			defaultConfigurationName = Release;
		};
		963164C91C32E1BE00C8BD1D /* Build configuration list for PBXNativeTarget "my-favourite-place" */ = {
			isa = XCConfigurationList;
			buildConfigurations = (
				963164CA1C32E1BE00C8BD1D /* Debug */,
				963164CB1C32E1BE00C8BD1D /* Release */,
			);
			defaultConfigurationIsVisible = 0;
		};
/* End XCConfigurationList section */
	};
	rootObject = 963164AF1C32E1BE00C8BD1D /* Project object */;
}
